
Microsoft Visual Studio Solution File, Format Version 12.00
# Visual Studio Version 17
VisualStudioVersion = 17.14.36221.1 d17.14
MinimumVisualStudioVersion = 10.0.40219.1
Project("{FAE04EC0-301F-11D3-BF4B-00C04F79EFBC}") = "Student Management Ststem", "Student Management Ststem.csproj", "{DB765FFB-D9FB-4BFB-9541-0E053BA5F44A}"
EndProject
Global
	GlobalSection(SolutionConfigurationPlatforms) = preSolution
		Debug|Any CPU = Debug|Any CPU
		Release|Any CPU = Release|Any CPU
	EndGlobalSection
	GlobalSection(ProjectConfigurationPlatforms) = postSolution
		{DB765FFB-D9FB-4BFB-9541-0E053BA5F44A}.Debug|Any CPU.ActiveCfg = Debug|Any CPU
		{DB765FFB-D9FB-4BFB-9541-0E053BA5F44A}.Debug|Any CPU.Build.0 = Debug|Any CPU
		{DB765FFB-D9FB-4BFB-9541-0E053BA5F44A}.Release|Any CPU.ActiveCfg = Release|Any CPU
		{DB765FFB-D9FB-4BFB-9541-0E053BA5F44A}.Release|Any CPU.Build.0 = Release|Any CPU
	EndGlobalSection
	GlobalSection(SolutionProperties) = preSolution
		HideSolutionNode = FALSE
	EndGlobalSection
	GlobalSection(ExtensibilityGlobals) = postSolution
		SolutionGuid = {3D132700-71D2-4056-A69A-A8683CC923A3}
	EndGlobalSection
EndGlobal
